
Microsoft Visual Studio Solution File, Format Version 12.00
# Visual Studio 15
VisualStudioVersion = 15.0.28307.168
MinimumVisualStudioVersion = 10.0.40219.1
Project("{FAE04EC0-301F-11D3-BF4B-00C04F79EFBC}") = "Laboratorio3", "Laboratorio3\Laboratorio3.csproj", "{EEE6B76E-5B12-405F-9DE5-2EFE11387814}"
EndProject
Project("{FAE04EC0-301F-11D3-BF4B-00C04F79EFBC}") = "ArbolB", "ArbolBinario\ArbolB.csproj", "{FDE32D54-17A5-4A9A-8BAB-4206D2492F2D}"
EndProject
Global
	GlobalSection(SolutionConfigurationPlatforms) = preSolution
		Debug|Any CPU = Debug|Any CPU
		Release|Any CPU = Release|Any CPU
	EndGlobalSection
	GlobalSection(ProjectConfigurationPlatforms) = postSolution
		{EEE6B76E-5B12-405F-9DE5-2EFE11387814}.Debug|Any CPU.ActiveCfg = Debug|Any CPU
		{EEE6B76E-5B12-405F-9DE5-2EFE11387814}.Debug|Any CPU.Build.0 = Debug|Any CPU
		{EEE6B76E-5B12-405F-9DE5-2EFE11387814}.Release|Any CPU.ActiveCfg = Release|Any CPU
		{EEE6B76E-5B12-405F-9DE5-2EFE11387814}.Release|Any CPU.Build.0 = Release|Any CPU
		{FDE32D54-17A5-4A9A-8BAB-4206D2492F2D}.Debug|Any CPU.ActiveCfg = Debug|Any CPU
		{FDE32D54-17A5-4A9A-8BAB-4206D2492F2D}.Debug|Any CPU.Build.0 = Debug|Any CPU
		{FDE32D54-17A5-4A9A-8BAB-4206D2492F2D}.Release|Any CPU.ActiveCfg = Release|Any CPU
		{FDE32D54-17A5-4A9A-8BAB-4206D2492F2D}.Release|Any CPU.Build.0 = Release|Any CPU
	EndGlobalSection
	GlobalSection(SolutionProperties) = preSolution
		HideSolutionNode = FALSE
	EndGlobalSection
	GlobalSection(ExtensibilityGlobals) = postSolution
		SolutionGuid = {5E650ADE-E0E3-443C-96C2-13A724454E9D}
	EndGlobalSection
EndGlobal
